
Microsoft Visual Studio Solution File, Format Version 12.00
# Visual Studio Version 16
VisualStudioVersion = 16.0.30804.86
MinimumVisualStudioVersion = 10.0.40219.1
Project("{FAE04EC0-301F-11D3-BF4B-00C04F79EFBC}") = "AmongUsDisguise", "AmongUsDisguise\AmongUsDisguise.csproj", "{BFAEB1AA-DD2C-40BB-AFEF-AAEAA3C64985}"
EndProject
Global
	GlobalSection(SolutionConfigurationPlatforms) = preSolution
		Debug|Any CPU = Debug|Any CPU
		Release|Any CPU = Release|Any CPU
	EndGlobalSection
	GlobalSection(ProjectConfigurationPlatforms) = postSolution
		{BFAEB1AA-DD2C-40BB-AFEF-AAEAA3C64985}.Debug|Any CPU.ActiveCfg = Debug|Any CPU
		{BFAEB1AA-DD2C-40BB-AFEF-AAEAA3C64985}.Debug|Any CPU.Build.0 = Debug|Any CPU
		{BFAEB1AA-DD2C-40BB-AFEF-AAEAA3C64985}.Release|Any CPU.ActiveCfg = Release|Any CPU
		{BFAEB1AA-DD2C-40BB-AFEF-AAEAA3C64985}.Release|Any CPU.Build.0 = Release|Any CPU
	EndGlobalSection
	GlobalSection(SolutionProperties) = preSolution
		HideSolutionNode = FALSE
	EndGlobalSection
	GlobalSection(ExtensibilityGlobals) = postSolution
		SolutionGuid = {EE0A5EDD-91BB-4A8B-A882-5693082CD5EA}
	EndGlobalSection
EndGlobal
